// !$*UTF8*$!
{
	archiveVersion = 1;
	classes = {
	};
	objectVersion = 46;
	objects = {

/* Begin PBXBuildFile section */
		457DE5BA1F5D60E1003067D2 /* main.m in Sources */ = {isa = PBXBuildFile; fileRef = 457DE5B91F5D60E1003067D2 /* main.m */; };
		457DE5BD1F5D60E1003067D2 /* AppDelegate.m in Sources */ = {isa = PBXBuildFile; fileRef = 457DE5BC1F5D60E1003067D2 /* AppDelegate.m */; };
		457DE5C01F5D60E1003067D2 /* ViewController.m in Sources */ = {isa = PBXBuildFile; fileRef = 457DE5BF1F5D60E1003067D2 /* ViewController.m */; };
		457DE5C31F5D60E1003067D2 /* Main.storyboard in Resources */ = {isa = PBXBuildFile; fileRef = 457DE5C11F5D60E1003067D2 /* Main.storyboard */; };
		457DE5C61F5D60E1003067D2 /* STVProject2_4_1.xcdatamodeld in Sources */ = {isa = PBXBuildFile; fileRef = 457DE5C41F5D60E1003067D2 /* STVProject2_4_1.xcdatamodeld */; };
		457DE5C81F5D60E1003067D2 /* Assets.xcassets in Resources */ = {isa = PBXBuildFile; fileRef = 457DE5C71F5D60E1003067D2 /* Assets.xcassets */; };
		457DE5CB1F5D60E1003067D2 /* LaunchScreen.storyboard in Resources */ = {isa = PBXBuildFile; fileRef = 457DE5C91F5D60E1003067D2 /* LaunchScreen.storyboard */; };
		457DE5D61F5D60E1003067D2 /* STVProject2_4_1Tests.m in Sources */ = {isa = PBXBuildFile; fileRef = 457DE5D51F5D60E1003067D2 /* STVProject2_4_1Tests.m */; };
		457DE5E11F5D60E1003067D2 /* STVProject2_4_1UITests.m in Sources */ = {isa = PBXBuildFile; fileRef = 457DE5E01F5D60E1003067D2 /* STVProject2_4_1UITests.m */; };
		584D22C1AE4FA6B92FB6C19E /* libPods-STVProject2-4-1.a in Frameworks */ = {isa = PBXBuildFile; fileRef = 56DDEDA3A1FF068D7D8FCAE4 /* libPods-STVProject2-4-1.a */; };
		5884B0745FB15A0AF22D85F3 /* libPods-STVProject2-4-1UITests.a in Frameworks */ = {isa = PBXBuildFile; fileRef = FE4EFBBDC75CF115D8226609 /* libPods-STVProject2-4-1UITests.a */; };
		67753A1ACE202EF7A86C1D2C /* libPods-STVProject2-4-1Tests.a in Frameworks */ = {isa = PBXBuildFile; fileRef = BF11AF72BF6036D7BF14E5ED /* libPods-STVProject2-4-1Tests.a */; };
/* End PBXBuildFile section */

/* Begin PBXContainerItemProxy section */
		457DE5D21F5D60E1003067D2 /* PBXContainerItemProxy */ = {
			isa = PBXContainerItemProxy;
			containerPortal = 457DE5AD1F5D60E1003067D2 /* Project object */;
			proxyType = 1;
			remoteGlobalIDString = 457DE5B41F5D60E1003067D2;
			remoteInfo = "STVProject2-4-1";
		};
		457DE5DD1F5D60E1003067D2 /* PBXContainerItemProxy */ = {
			isa = PBXContainerItemProxy;
			containerPortal = 457DE5AD1F5D60E1003067D2 /* Project object */;
			proxyType = 1;
			remoteGlobalIDString = 457DE5B41F5D60E1003067D2;
			remoteInfo = "STVProject2-4-1";
		};
/* End PBXContainerItemProxy section */

/* Begin PBXFileReference section */
		18B3704EBC3921866C0277BE /* Pods-STVProject2-4-1Tests.debug.xcconfig */ = {isa = PBXFileReference; includeInIndex = 1; lastKnownFileType = text.xcconfig; name = "Pods-STVProject2-4-1Tests.debug.xcconfig"; path = "Pods/Target Support Files/Pods-STVProject2-4-1Tests/Pods-STVProject2-4-1Tests.debug.xcconfig"; sourceTree = "<group>"; };
		3665CD4B23C0CA60DE2F38CA /* Pods-STVProject2-4-1Tests.release.xcconfig */ = {isa = PBXFileReference; includeInIndex = 1; lastKnownFileType = text.xcconfig; name = "Pods-STVProject2-4-1Tests.release.xcconfig"; path = "Pods/Target Support Files/Pods-STVProject2-4-1Tests/Pods-STVProject2-4-1Tests.release.xcconfig"; sourceTree = "<group>"; };
		442D77103B26BC279E5C84F4 /* Pods-STVProject2-4-1.release.xcconfig */ = {isa = PBXFileReference; includeInIndex = 1; lastKnownFileType = text.xcconfig; name = "Pods-STVProject2-4-1.release.xcconfig"; path = "Pods/Target Support Files/Pods-STVProject2-4-1/Pods-STVProject2-4-1.release.xcconfig"; sourceTree = "<group>"; };
		457DE5B51F5D60E1003067D2 /* STVProject2-4-1.app */ = {isa = PBXFileReference; explicitFileType = wrapper.application; includeInIndex = 0; path = "STVProject2-4-1.app"; sourceTree = BUILT_PRODUCTS_DIR; };
		457DE5B91F5D60E1003067D2 /* main.m */ = {isa = PBXFileReference; lastKnownFileType = sourcecode.c.objc; path = main.m; sourceTree = "<group>"; };
		457DE5BB1F5D60E1003067D2 /* AppDelegate.h */ = {isa = PBXFileReference; lastKnownFileType = sourcecode.c.h; path = AppDelegate.h; sourceTree = "<group>"; };
		457DE5BC1F5D60E1003067D2 /* AppDelegate.m */ = {isa = PBXFileReference; lastKnownFileType = sourcecode.c.objc; path = AppDelegate.m; sourceTree = "<group>"; };
		457DE5BE1F5D60E1003067D2 /* ViewController.h */ = {isa = PBXFileReference; lastKnownFileType = sourcecode.c.h; path = ViewController.h; sourceTree = "<group>"; };
		457DE5BF1F5D60E1003067D2 /* ViewController.m */ = {isa = PBXFileReference; lastKnownFileType = sourcecode.c.objc; path = ViewController.m; sourceTree = "<group>"; };
		457DE5C21F5D60E1003067D2 /* Base */ = {isa = PBXFileReference; lastKnownFileType = file.storyboard; name = Base; path = Base.lproj/Main.storyboard; sourceTree = "<group>"; };
		457DE5C51F5D60E1003067D2 /* STVProject2_4_1.xcdatamodel */ = {isa = PBXFileReference; lastKnownFileType = wrapper.xcdatamodel; path = STVProject2_4_1.xcdatamodel; sourceTree = "<group>"; };
		457DE5C71F5D60E1003067D2 /* Assets.xcassets */ = {isa = PBXFileReference; lastKnownFileType = folder.assetcatalog; path = Assets.xcassets; sourceTree = "<group>"; };
		457DE5CA1F5D60E1003067D2 /* Base */ = {isa = PBXFileReference; lastKnownFileType = file.storyboard; name = Base; path = Base.lproj/LaunchScreen.storyboard; sourceTree = "<group>"; };
		457DE5CC1F5D60E1003067D2 /* Info.plist */ = {isa = PBXFileReference; lastKnownFileType = text.plist.xml; path = Info.plist; sourceTree = "<group>"; };
		457DE5D11F5D60E1003067D2 /* STVProject2-4-1Tests.xctest */ = {isa = PBXFileReference; explicitFileType = wrapper.cfbundle; includeInIndex = 0; path = "STVProject2-4-1Tests.xctest"; sourceTree = BUILT_PRODUCTS_DIR; };
		457DE5D51F5D60E1003067D2 /* STVProject2_4_1Tests.m */ = {isa = PBXFileReference; lastKnownFileType = sourcecode.c.objc; path = STVProject2_4_1Tests.m; sourceTree = "<group>"; };
		457DE5D71F5D60E1003067D2 /* Info.plist */ = {isa = PBXFileReference; lastKnownFileType = text.plist.xml; path = Info.plist; sourceTree = "<group>"; };
		457DE5DC1F5D60E1003067D2 /* STVProject2-4-1UITests.xctest */ = {isa = PBXFileReference; explicitFileType = wrapper.cfbundle; includeInIndex = 0; path = "STVProject2-4-1UITests.xctest"; sourceTree = BUILT_PRODUCTS_DIR; };
		457DE5E01F5D60E1003067D2 /* STVProject2_4_1UITests.m */ = {isa = PBXFileReference; lastKnownFileType = sourcecode.c.objc; path = STVProject2_4_1UITests.m; sourceTree = "<group>"; };
		457DE5E21F5D60E1003067D2 /* Info.plist */ = {isa = PBXFileReference; lastKnownFileType = text.plist.xml; path = Info.plist; sourceTree = "<group>"; };
		45C37434A1A0FD1D12991487 /* Pods-STVProject2-4-1.debug.xcconfig */ = {isa = PBXFileReference; includeInIndex = 1; lastKnownFileType = text.xcconfig; name = "Pods-STVProject2-4-1.debug.xcconfig"; path = "Pods/Target Support Files/Pods-STVProject2-4-1/Pods-STVProject2-4-1.debug.xcconfig"; sourceTree = "<group>"; };
		56DDEDA3A1FF068D7D8FCAE4 /* libPods-STVProject2-4-1.a */ = {isa = PBXFileReference; explicitFileType = archive.ar; includeInIndex = 0; path = "libPods-STVProject2-4-1.a"; sourceTree = BUILT_PRODUCTS_DIR; };
		BC7D9B8662454834B71825D4 /* Pods-STVProject2-4-1UITests.release.xcconfig */ = {isa = PBXFileReference; includeInIndex = 1; lastKnownFileType = text.xcconfig; name = "Pods-STVProject2-4-1UITests.release.xcconfig"; path = "Pods/Target Support Files/Pods-STVProject2-4-1UITests/Pods-STVProject2-4-1UITests.release.xcconfig"; sourceTree = "<group>"; };
		BF11AF72BF6036D7BF14E5ED /* libPods-STVProject2-4-1Tests.a */ = {isa = PBXFileReference; explicitFileType = archive.ar; includeInIndex = 0; path = "libPods-STVProject2-4-1Tests.a"; sourceTree = BUILT_PRODUCTS_DIR; };
		ED1E4D4AB5D96E24910B43D1 /* Pods-STVProject2-4-1UITests.debug.xcconfig */ = {isa = PBXFileReference; includeInIndex = 1; lastKnownFileType = text.xcconfig; name = "Pods-STVProject2-4-1UITests.debug.xcconfig"; path = "Pods/Target Support Files/Pods-STVProject2-4-1UITests/Pods-STVProject2-4-1UITests.debug.xcconfig"; sourceTree = "<group>"; };
		FE4EFBBDC75CF115D8226609 /* libPods-STVProject2-4-1UITests.a */ = {isa = PBXFileReference; explicitFileType = archive.ar; includeInIndex = 0; path = "libPods-STVProject2-4-1UITests.a"; sourceTree = BUILT_PRODUCTS_DIR; };
/* End PBXFileReference section */

/* Begin PBXFrameworksBuildPhase section */
		457DE5B21F5D60E1003067D2 /* Frameworks */ = {
			isa = PBXFrameworksBuildPhase;
			buildActionMask = 2147483647;
			files = (
				584D22C1AE4FA6B92FB6C19E /* libPods-STVProject2-4-1.a in Frameworks */,
			);
			runOnlyForDeploymentPostprocessing = 0;
		};
		457DE5CE1F5D60E1003067D2 /* Frameworks */ = {
			isa = PBXFrameworksBuildPhase;
			buildActionMask = 2147483647;
			files = (
				67753A1ACE202EF7A86C1D2C /* libPods-STVProject2-4-1Tests.a in Frameworks */,
			);
			runOnlyForDeploymentPostprocessing = 0;
		};
		457DE5D91F5D60E1003067D2 /* Frameworks */ = {
			isa = PBXFrameworksBuildPhase;
			buildActionMask = 2147483647;
			files = (
				5884B0745FB15A0AF22D85F3 /* libPods-STVProject2-4-1UITests.a in Frameworks */,
			);
			runOnlyForDeploymentPostprocessing = 0;
		};
/* End PBXFrameworksBuildPhase section */

/* Begin PBXGroup section */
		457DE5AC1F5D60E1003067D2 = {
			isa = PBXGroup;
			children = (
				457DE5B71F5D60E1003067D2 /* STVProject2-4-1 */,
				457DE5D41F5D60E1003067D2 /* STVProject2-4-1Tests */,
				457DE5DF1F5D60E1003067D2 /* STVProject2-4-1UITests */,
				457DE5B61F5D60E1003067D2 /* Products */,
				C3D7609F9897BCDD3A909D41 /* Pods */,
				BFA20782AAB322528A19E674 /* Frameworks */,
			);
			sourceTree = "<group>";
		};
		457DE5B61F5D60E1003067D2 /* Products */ = {
			isa = PBXGroup;
			children = (
				457DE5B51F5D60E1003067D2 /* STVProject2-4-1.app */,
				457DE5D11F5D60E1003067D2 /* STVProject2-4-1Tests.xctest */,
				457DE5DC1F5D60E1003067D2 /* STVProject2-4-1UITests.xctest */,
			);
			name = Products;
			sourceTree = "<group>";
		};
		457DE5B71F5D60E1003067D2 /* STVProject2-4-1 */ = {
			isa = PBXGroup;
			children = (
				457DE5BB1F5D60E1003067D2 /* AppDelegate.h */,
				457DE5BC1F5D60E1003067D2 /* AppDelegate.m */,
				457DE5BE1F5D60E1003067D2 /* ViewController.h */,
				457DE5BF1F5D60E1003067D2 /* ViewController.m */,
				457DE5C11F5D60E1003067D2 /* Main.storyboard */,
				457DE5C71F5D60E1003067D2 /* Assets.xcassets */,
				457DE5C91F5D60E1003067D2 /* LaunchScreen.storyboard */,
				457DE5CC1F5D60E1003067D2 /* Info.plist */,
				457DE5C41F5D60E1003067D2 /* STVProject2_4_1.xcdatamodeld */,
				457DE5B81F5D60E1003067D2 /* Supporting Files */,
			);
			path = "STVProject2-4-1";
			sourceTree = "<group>";
		};
		457DE5B81F5D60E1003067D2 /* Supporting Files */ = {
			isa = PBXGroup;
			children = (
				457DE5B91F5D60E1003067D2 /* main.m */,
			);
			name = "Supporting Files";
			sourceTree = "<group>";
		};
		457DE5D41F5D60E1003067D2 /* STVProject2-4-1Tests */ = {
			isa = PBXGroup;
			children = (
				457DE5D51F5D60E1003067D2 /* STVProject2_4_1Tests.m */,
				457DE5D71F5D60E1003067D2 /* Info.plist */,
			);
			path = "STVProject2-4-1Tests";
			sourceTree = "<group>";
		};
		457DE5DF1F5D60E1003067D2 /* STVProject2-4-1UITests */ = {
			isa = PBXGroup;
			children = (
				457DE5E01F5D60E1003067D2 /* STVProject2_4_1UITests.m */,
				457DE5E21F5D60E1003067D2 /* Info.plist */,
			);
			path = "STVProject2-4-1UITests";
			sourceTree = "<group>";
		};
		BFA20782AAB322528A19E674 /* Frameworks */ = {
			isa = PBXGroup;
			children = (
				56DDEDA3A1FF068D7D8FCAE4 /* libPods-STVProject2-4-1.a */,
				BF11AF72BF6036D7BF14E5ED /* libPods-STVProject2-4-1Tests.a */,
				FE4EFBBDC75CF115D8226609 /* libPods-STVProject2-4-1UITests.a */,
			);
			name = Frameworks;
			sourceTree = "<group>";
		};
		C3D7609F9897BCDD3A909D41 /* Pods */ = {
			isa = PBXGroup;
			children = (
				45C37434A1A0FD1D12991487 /* Pods-STVProject2-4-1.debug.xcconfig */,
				442D77103B26BC279E5C84F4 /* Pods-STVProject2-4-1.release.xcconfig */,
				18B3704EBC3921866C0277BE /* Pods-STVProject2-4-1Tests.debug.xcconfig */,
				3665CD4B23C0CA60DE2F38CA /* Pods-STVProject2-4-1Tests.release.xcconfig */,
				ED1E4D4AB5D96E24910B43D1 /* Pods-STVProject2-4-1UITests.debug.xcconfig */,
				BC7D9B8662454834B71825D4 /* Pods-STVProject2-4-1UITests.release.xcconfig */,
			);
			name = Pods;
			sourceTree = "<group>";
		};
/* End PBXGroup section */

/* Begin PBXNativeTarget section */
		457DE5B41F5D60E1003067D2 /* STVProject2-4-1 */ = {
			isa = PBXNativeTarget;
			buildConfigurationList = 457DE5E51F5D60E1003067D2 /* Build configuration list for PBXNativeTarget "STVProject2-4-1" */;
			buildPhases = (
				EFE749F5640EBB83029A9B78 /* [CP] Check Pods Manifest.lock */,
				457DE5B11F5D60E1003067D2 /* Sources */,
				457DE5B21F5D60E1003067D2 /* Frameworks */,
				457DE5B31F5D60E1003067D2 /* Resources */,
				C8B60506A25483CFC4393349 /* [CP] Embed Pods Frameworks */,
				2FD2FA3158007CE6657D76AB /* [CP] Copy Pods Resources */,
			);
			buildRules = (
			);
			dependencies = (
			);
			name = "STVProject2-4-1";
			productName = "STVProject2-4-1";
			productReference = 457DE5B51F5D60E1003067D2 /* STVProject2-4-1.app */;
			productType = "com.apple.product-type.application";
		};
		457DE5D01F5D60E1003067D2 /* STVProject2-4-1Tests */ = {
			isa = PBXNativeTarget;
			buildConfigurationList = 457DE5E81F5D60E1003067D2 /* Build configuration list for PBXNativeTarget "STVProject2-4-1Tests" */;
			buildPhases = (
				CE25A69BAFC35A5B6A5DF478 /* [CP] Check Pods Manifest.lock */,
				457DE5CD1F5D60E1003067D2 /* Sources */,
				457DE5CE1F5D60E1003067D2 /* Frameworks */,
				457DE5CF1F5D60E1003067D2 /* Resources */,
				34275AD760FCE97252D9AF28 /* [CP] Embed Pods Frameworks */,
				0C672A9A554D2FA17B380010 /* [CP] Copy Pods Resources */,
			);
			buildRules = (
			);
			dependencies = (
				457DE5D31F5D60E1003067D2 /* PBXTargetDependency */,
			);
			name = "STVProject2-4-1Tests";
			productName = "STVProject2-4-1Tests";
			productReference = 457DE5D11F5D60E1003067D2 /* STVProject2-4-1Tests.xctest */;
			productType = "com.apple.product-type.bundle.unit-test";
		};
		457DE5DB1F5D60E1003067D2 /* STVProject2-4-1UITests */ = {
			isa = PBXNativeTarget;
			buildConfigurationList = 457DE5EB1F5D60E1003067D2 /* Build configuration list for PBXNativeTarget "STVProject2-4-1UITests" */;
			buildPhases = (
				8142FCBBB7EAB3187C96FC00 /* [CP] Check Pods Manifest.lock */,
				457DE5D81F5D60E1003067D2 /* Sources */,
				457DE5D91F5D60E1003067D2 /* Frameworks */,
				457DE5DA1F5D60E1003067D2 /* Resources */,
				45A149756174345FE8611DD5 /* [CP] Embed Pods Frameworks */,
				7B5A44901FB63E19F55BDB57 /* [CP] Copy Pods Resources */,
			);
			buildRules = (
			);
			dependencies = (
				457DE5DE1F5D60E1003067D2 /* PBXTargetDependency */,
			);
			name = "STVProject2-4-1UITests";
			productName = "STVProject2-4-1UITests";
			productReference = 457DE5DC1F5D60E1003067D2 /* STVProject2-4-1UITests.xctest */;
			productType = "com.apple.product-type.bundle.ui-testing";
		};
/* End PBXNativeTarget section */

/* Begin PBXProject section */
		457DE5AD1F5D60E1003067D2 /* Project object */ = {
			isa = PBXProject;
			attributes = {
				LastUpgradeCheck = 0830;
				ORGANIZATIONNAME = "dai kawahara";
				TargetAttributes = {
					457DE5B41F5D60E1003067D2 = {
						CreatedOnToolsVersion = 8.3.3;
						DevelopmentTeam = LVR5UQEHBD;
						ProvisioningStyle = Automatic;
					};
					457DE5D01F5D60E1003067D2 = {
						CreatedOnToolsVersion = 8.3.3;
						DevelopmentTeam = LVR5UQEHBD;
						ProvisioningStyle = Automatic;
						TestTargetID = 457DE5B41F5D60E1003067D2;
					};
					457DE5DB1F5D60E1003067D2 = {
						CreatedOnToolsVersion = 8.3.3;
						DevelopmentTeam = LVR5UQEHBD;
						ProvisioningStyle = Automatic;
						TestTargetID = 457DE5B41F5D60E1003067D2;
					};
				};
			};
			buildConfigurationList = 457DE5B01F5D60E1003067D2 /* Build configuration list for PBXProject "STVProject2-4-1" */;
			compatibilityVersion = "Xcode 3.2";
			developmentRegion = English;
			hasScannedForEncodings = 0;
			knownRegions = (
				en,
				Base,
			);
			mainGroup = 457DE5AC1F5D60E1003067D2;
			productRefGroup = 457DE5B61F5D60E1003067D2 /* Products */;
			projectDirPath = "";
			projectRoot = "";
			targets = (
				457DE5B41F5D60E1003067D2 /* STVProject2-4-1 */,
				457DE5D01F5D60E1003067D2 /* STVProject2-4-1Tests */,
				457DE5DB1F5D60E1003067D2 /* STVProject2-4-1UITests */,
			);
		};
/* End PBXProject section */

/* Begin PBXResourcesBuildPhase section */
		457DE5B31F5D60E1003067D2 /* Resources */ = {
			isa = PBXResourcesBuildPhase;
			buildActionMask = 2147483647;
			files = (
				457DE5CB1F5D60E1003067D2 /* LaunchScreen.storyboard in Resources */,
				457DE5C81F5D60E1003067D2 /* Assets.xcassets in Resources */,
				457DE5C31F5D60E1003067D2 /* Main.storyboard in Resources */,
			);
			runOnlyForDeploymentPostprocessing = 0;
		};
		457DE5CF1F5D60E1003067D2 /* Resources */ = {
			isa = PBXResourcesBuildPhase;
			buildActionMask = 2147483647;
			files = (
			);
			runOnlyForDeploymentPostprocessing = 0;
		};
		457DE5DA1F5D60E1003067D2 /* Resources */ = {
			isa = PBXResourcesBuildPhase;
			buildActionMask = 2147483647;
			files = (
			);
			runOnlyForDeploymentPostprocessing = 0;
		};
/* End PBXResourcesBuildPhase section */

/* Begin PBXShellScriptBuildPhase section */
		0C672A9A554D2FA17B380010 /* [CP] Copy Pods Resources */ = {
			isa = PBXShellScriptBuildPhase;
			buildActionMask = 2147483647;
			files = (
			);
			inputPaths = (
			);
			name = "[CP] Copy Pods Resources";
			outputPaths = (
			);
			runOnlyForDeploymentPostprocessing = 0;
			shellPath = /bin/sh;
			shellScript = "\"${SRCROOT}/Pods/Target Support Files/Pods-STVProject2-4-1Tests/Pods-STVProject2-4-1Tests-resources.sh\"\n";
			showEnvVarsInLog = 0;
		};
		2FD2FA3158007CE6657D76AB /* [CP] Copy Pods Resources */ = {
			isa = PBXShellScriptBuildPhase;
			buildActionMask = 2147483647;
			files = (
			);
			inputPaths = (
			);
			name = "[CP] Copy Pods Resources";
			outputPaths = (
			);
			runOnlyForDeploymentPostprocessing = 0;
			shellPath = /bin/sh;
			shellScript = "\"${SRCROOT}/Pods/Target Support Files/Pods-STVProject2-4-1/Pods-STVProject2-4-1-resources.sh\"\n";
			showEnvVarsInLog = 0;
		};
		34275AD760FCE97252D9AF28 /* [CP] Embed Pods Frameworks */ = {
			isa = PBXShellScriptBuildPhase;
			buildActionMask = 2147483647;
			files = (
			);
			inputPaths = (
			);
			name = "[CP] Embed Pods Frameworks";
			outputPaths = (
			);
			runOnlyForDeploymentPostprocessing = 0;
			shellPath = /bin/sh;
			shellScript = "\"${SRCROOT}/Pods/Target Support Files/Pods-STVProject2-4-1Tests/Pods-STVProject2-4-1Tests-frameworks.sh\"\n";
			showEnvVarsInLog = 0;
		};
		45A149756174345FE8611DD5 /* [CP] Embed Pods Frameworks */ = {
			isa = PBXShellScriptBuildPhase;
			buildActionMask = 2147483647;
			files = (
			);
			inputPaths = (
			);
			name = "[CP] Embed Pods Frameworks";
			outputPaths = (
			);
			runOnlyForDeploymentPostprocessing = 0;
			shellPath = /bin/sh;
			shellScript = "\"${SRCROOT}/Pods/Target Support Files/Pods-STVProject2-4-1UITests/Pods-STVProject2-4-1UITests-frameworks.sh\"\n";
			showEnvVarsInLog = 0;
		};
		7B5A44901FB63E19F55BDB57 /* [CP] Copy Pods Resources */ = {
			isa = PBXShellScriptBuildPhase;
			buildActionMask = 2147483647;
			files = (
			);
			inputPaths = (
			);
			name = "[CP] Copy Pods Resources";
			outputPaths = (
			);
			runOnlyForDeploymentPostprocessing = 0;
			shellPath = /bin/sh;
			shellScript = "\"${SRCROOT}/Pods/Target Support Files/Pods-STVProject2-4-1UITests/Pods-STVProject2-4-1UITests-resources.sh\"\n";
			showEnvVarsInLog = 0;
		};
		8142FCBBB7EAB3187C96FC00 /* [CP] Check Pods Manifest.lock */ = {
			isa = PBXShellScriptBuildPhase;
			buildActionMask = 2147483647;
			files = (
			);
			inputPaths = (
			);
			name = "[CP] Check Pods Manifest.lock";
			outputPaths = (
			);
			runOnlyForDeploymentPostprocessing = 0;
			shellPath = /bin/sh;
			shellScript = "diff \"${PODS_ROOT}/../Podfile.lock\" \"${PODS_ROOT}/Manifest.lock\" > /dev/null\nif [ $? != 0 ] ; then\n    # print error to STDERR\n    echo \"error: The sandbox is not in sync with the Podfile.lock. Run 'pod install' or update your CocoaPods installation.\" >&2\n    exit 1\nfi\n";
			showEnvVarsInLog = 0;
		};
		C8B60506A25483CFC4393349 /* [CP] Embed Pods Frameworks */ = {
			isa = PBXShellScriptBuildPhase;
			buildActionMask = 2147483647;
			files = (
			);
			inputPaths = (
			);
			name = "[CP] Embed Pods Frameworks";
			outputPaths = (
			);
			runOnlyForDeploymentPostprocessing = 0;
			shellPath = /bin/sh;
			shellScript = "\"${SRCROOT}/Pods/Target Support Files/Pods-STVProject2-4-1/Pods-STVProject2-4-1-frameworks.sh\"\n";
			showEnvVarsInLog = 0;
		};
		CE25A69BAFC35A5B6A5DF478 /* [CP] Check Pods Manifest.lock */ = {
			isa = PBXShellScriptBuildPhase;
			buildActionMask = 2147483647;
			files = (
			);
			inputPaths = (
			);
			name = "[CP] Check Pods Manifest.lock";
			outputPaths = (
			);
			runOnlyForDeploymentPostprocessing = 0;
			shellPath = /bin/sh;
			shellScript = "diff \"${PODS_ROOT}/../Podfile.lock\" \"${PODS_ROOT}/Manifest.lock\" > /dev/null\nif [ $? != 0 ] ; then\n    # print error to STDERR\n    echo \"error: The sandbox is not in sync with the Podfile.lock. Run 'pod install' or update your CocoaPods installation.\" >&2\n    exit 1\nfi\n";
			showEnvVarsInLog = 0;
		};
		EFE749F5640EBB83029A9B78 /* [CP] Check Pods Manifest.lock */ = {
			isa = PBXShellScriptBuildPhase;
			buildActionMask = 2147483647;
			files = (
			);
			inputPaths = (
			);
			name = "[CP] Check Pods Manifest.lock";
			outputPaths = (
			);
			runOnlyForDeploymentPostprocessing = 0;
			shellPath = /bin/sh;
			shellScript = "diff \"${PODS_ROOT}/../Podfile.lock\" \"${PODS_ROOT}/Manifest.lock\" > /dev/null\nif [ $? != 0 ] ; then\n    # print error to STDERR\n    echo \"error: The sandbox is not in sync with the Podfile.lock. Run 'pod install' or update your CocoaPods installation.\" >&2\n    exit 1\nfi\n";
			showEnvVarsInLog = 0;
		};
/* End PBXShellScriptBuildPhase section */

/* Begin PBXSourcesBuildPhase section */
		457DE5B11F5D60E1003067D2 /* Sources */ = {
			isa = PBXSourcesBuildPhase;
			buildActionMask = 2147483647;
			files = (
				457DE5C01F5D60E1003067D2 /* ViewController.m in Sources */,
				457DE5C61F5D60E1003067D2 /* STVProject2_4_1.xcdatamodeld in Sources */,
				457DE5BD1F5D60E1003067D2 /* AppDelegate.m in Sources */,
				457DE5BA1F5D60E1003067D2 /* main.m in Sources */,
			);
			runOnlyForDeploymentPostprocessing = 0;
		};
		457DE5CD1F5D60E1003067D2 /* Sources */ = {
			isa = PBXSourcesBuildPhase;
			buildActionMask = 2147483647;
			files = (
				457DE5D61F5D60E1003067D2 /* STVProject2_4_1Tests.m in Sources */,
			);
			runOnlyForDeploymentPostprocessing = 0;
		};
		457DE5D81F5D60E1003067D2 /* Sources */ = {
			isa = PBXSourcesBuildPhase;
			buildActionMask = 2147483647;
			files = (
				457DE5E11F5D60E1003067D2 /* STVProject2_4_1UITests.m in Sources */,
			);
			runOnlyForDeploymentPostprocessing = 0;
		};
/* End PBXSourcesBuildPhase section */

/* Begin PBXTargetDependency section */
		457DE5D31F5D60E1003067D2 /* PBXTargetDependency */ = {
			isa = PBXTargetDependency;
			target = 457DE5B41F5D60E1003067D2 /* STVProject2-4-1 */;
			targetProxy = 457DE5D21F5D60E1003067D2 /* PBXContainerItemProxy */;
		};
		457DE5DE1F5D60E1003067D2 /* PBXTargetDependency */ = {
			isa = PBXTargetDependency;
			target = 457DE5B41F5D60E1003067D2 /* STVProject2-4-1 */;
			targetProxy = 457DE5DD1F5D60E1003067D2 /* PBXContainerItemProxy */;
		};
/* End PBXTargetDependency section */

/* Begin PBXVariantGroup section */
		457DE5C11F5D60E1003067D2 /* Main.storyboard */ = {
			isa = PBXVariantGroup;
			children = (
				457DE5C21F5D60E1003067D2 /* Base */,
			);
			name = Main.storyboard;
			sourceTree = "<group>";
		};
		457DE5C91F5D60E1003067D2 /* LaunchScreen.storyboard */ = {
			isa = PBXVariantGroup;
			children = (
				457DE5CA1F5D60E1003067D2 /* Base */,
			);
			name = LaunchScreen.storyboard;
			sourceTree = "<group>";
		};
/* End PBXVariantGroup section */

/* Begin XCBuildConfiguration section */
		457DE5E31F5D60E1003067D2 /* Debug */ = {
			isa = XCBuildConfiguration;
			buildSettings = {
				ALWAYS_SEARCH_USER_PATHS = NO;
				CLANG_ANALYZER_NONNULL = YES;
				CLANG_ANALYZER_NUMBER_OBJECT_CONVERSION = YES_AGGRESSIVE;
				CLANG_CXX_LANGUAGE_STANDARD = "gnu++0x";
				CLANG_CXX_LIBRARY = "libc++";
				CLANG_ENABLE_MODULES = YES;
				CLANG_ENABLE_OBJC_ARC = YES;
				CLANG_WARN_BOOL_CONVERSION = YES;
				CLANG_WARN_CONSTANT_CONVERSION = YES;
				CLANG_WARN_DIRECT_OBJC_ISA_USAGE = YES_ERROR;
				CLANG_WARN_DOCUMENTATION_COMMENTS = YES;
				CLANG_WARN_EMPTY_BODY = YES;
				CLANG_WARN_ENUM_CONVERSION = YES;
				CLANG_WARN_INFINITE_RECURSION = YES;
				CLANG_WARN_INT_CONVERSION = YES;
				CLANG_WARN_OBJC_ROOT_CLASS = YES_ERROR;
				CLANG_WARN_SUSPICIOUS_MOVE = YES;
				CLANG_WARN_UNREACHABLE_CODE = YES;
				CLANG_WARN__DUPLICATE_METHOD_MATCH = YES;
				"CODE_SIGN_IDENTITY[sdk=iphoneos*]" = "iPhone Developer";
				COPY_PHASE_STRIP = NO;
				DEBUG_INFORMATION_FORMAT = dwarf;
				ENABLE_STRICT_OBJC_MSGSEND = YES;
				ENABLE_TESTABILITY = YES;
				GCC_C_LANGUAGE_STANDARD = gnu99;
				GCC_DYNAMIC_NO_PIC = NO;
				GCC_NO_COMMON_BLOCKS = YES;
				GCC_OPTIMIZATION_LEVEL = 0;
				GCC_PREPROCESSOR_DEFINITIONS = (
					"DEBUG=1",
					"$(inherited)",
				);
				GCC_WARN_64_TO_32_BIT_CONVERSION = YES;
				GCC_WARN_ABOUT_RETURN_TYPE = YES_ERROR;
				GCC_WARN_UNDECLARED_SELECTOR = YES;
				GCC_WARN_UNINITIALIZED_AUTOS = YES_AGGRESSIVE;
				GCC_WARN_UNUSED_FUNCTION = YES;
				GCC_WARN_UNUSED_VARIABLE = YES;
				IPHONEOS_DEPLOYMENT_TARGET = 10.3;
				MTL_ENABLE_DEBUG_INFO = YES;
				ONLY_ACTIVE_ARCH = YES;
				SDKROOT = iphoneos;
			};
			name = Debug;
		};
		457DE5E41F5D60E1003067D2 /* Release */ = {
			isa = XCBuildConfiguration;
			buildSettings = {
				ALWAYS_SEARCH_USER_PATHS = NO;
				CLANG_ANALYZER_NONNULL = YES;
				CLANG_ANALYZER_NUMBER_OBJECT_CONVERSION = YES_AGGRESSIVE;
				CLANG_CXX_LANGUAGE_STANDARD = "gnu++0x";
				CLANG_CXX_LIBRARY = "libc++";
				CLANG_ENABLE_MODULES = YES;
				CLANG_ENABLE_OBJC_ARC = YES;
				CLANG_WARN_BOOL_CONVERSION = YES;
				CLANG_WARN_CONSTANT_CONVERSION = YES;
				CLANG_WARN_DIRECT_OBJC_ISA_USAGE = YES_ERROR;
				CLANG_WARN_DOCUMENTATION_COMMENTS = YES;
				CLANG_WARN_EMPTY_BODY = YES;
				CLANG_WARN_ENUM_CONVERSION = YES;
				CLANG_WARN_INFINITE_RECURSION = YES;
				CLANG_WARN_INT_CONVERSION = YES;
				CLANG_WARN_OBJC_ROOT_CLASS = YES_ERROR;
				CLANG_WARN_SUSPICIOUS_MOVE = YES;
				CLANG_WARN_UNREACHABLE_CODE = YES;
				CLANG_WARN__DUPLICATE_METHOD_MATCH = YES;
				"CODE_SIGN_IDENTITY[sdk=iphoneos*]" = "iPhone Developer";
				COPY_PHASE_STRIP = NO;
				DEBUG_INFORMATION_FORMAT = "dwarf-with-dsym";
				ENABLE_NS_ASSERTIONS = NO;
				ENABLE_STRICT_OBJC_MSGSEND = YES;
				GCC_C_LANGUAGE_STANDARD = gnu99;
				GCC_NO_COMMON_BLOCKS = YES;
				GCC_WARN_64_TO_32_BIT_CONVERSION = YES;
				GCC_WARN_ABOUT_RETURN_TYPE = YES_ERROR;
				GCC_WARN_UNDECLARED_SELECTOR = YES;
				GCC_WARN_UNINITIALIZED_AUTOS = YES_AGGRESSIVE;
				GCC_WARN_UNUSED_FUNCTION = YES;
				GCC_WARN_UNUSED_VARIABLE = YES;
				IPHONEOS_DEPLOYMENT_TARGET = 10.3;
				MTL_ENABLE_DEBUG_INFO = NO;
				SDKROOT = iphoneos;
				VALIDATE_PRODUCT = YES;
			};
			name = Release;
		};
		457DE5E61F5D60E1003067D2 /* Debug */ = {
			isa = XCBuildConfiguration;
			baseConfigurationReference = 45C37434A1A0FD1D12991487 /* Pods-STVProject2-4-1.debug.xcconfig */;
			buildSettings = {
				ASSETCATALOG_COMPILER_APPICON_NAME = AppIcon;
				DEVELOPMENT_TEAM = LVR5UQEHBD;
				INFOPLIST_FILE = "STVProject2-4-1/Info.plist";
				LD_RUNPATH_SEARCH_PATHS = "$(inherited) @executable_path/Frameworks";
				PRODUCT_BUNDLE_IDENTIFIER = "com.kawaharadai.STVProject2-4-1";
				PRODUCT_NAME = "$(TARGET_NAME)";
			};
			name = Debug;
		};
		457DE5E71F5D60E1003067D2 /* Release */ = {
			isa = XCBuildConfiguration;
			baseConfigurationReference = 442D77103B26BC279E5C84F4 /* Pods-STVProject2-4-1.release.xcconfig */;
			buildSettings = {
				ASSETCATALOG_COMPILER_APPICON_NAME = AppIcon;
				DEVELOPMENT_TEAM = LVR5UQEHBD;
				INFOPLIST_FILE = "STVProject2-4-1/Info.plist";
				LD_RUNPATH_SEARCH_PATHS = "$(inherited) @executable_path/Frameworks";
				PRODUCT_BUNDLE_IDENTIFIER = "com.kawaharadai.STVProject2-4-1";
				PRODUCT_NAME = "$(TARGET_NAME)";
			};
			name = Release;
		};
		457DE5E91F5D60E1003067D2 /* Debug */ = {
			isa = XCBuildConfiguration;
			baseConfigurationReference = 18B3704EBC3921866C0277BE /* Pods-STVProject2-4-1Tests.debug.xcconfig */;
			buildSettings = {
				BUNDLE_LOADER = "$(TEST_HOST)";
				DEVELOPMENT_TEAM = LVR5UQEHBD;
				INFOPLIST_FILE = "STVProject2-4-1Tests/Info.plist";
				LD_RUNPATH_SEARCH_PATHS = "$(inherited) @executable_path/Frameworks @loader_path/Frameworks";
				PRODUCT_BUNDLE_IDENTIFIER = "com.kawaharadai.STVProject2-4-1Tests";
				PRODUCT_NAME = "$(TARGET_NAME)";
				TEST_HOST = "$(BUILT_PRODUCTS_DIR)/STVProject2-4-1.app/STVProject2-4-1";
			};
			name = Debug;
		};
		457DE5EA1F5D60E1003067D2 /* Release */ = {
			isa = XCBuildConfiguration;
			baseConfigurationReference = 3665CD4B23C0CA60DE2F38CA /* Pods-STVProject2-4-1Tests.release.xcconfig */;
			buildSettings = {
				BUNDLE_LOADER = "$(TEST_HOST)";
				DEVELOPMENT_TEAM = LVR5UQEHBD;
				INFOPLIST_FILE = "STVProject2-4-1Tests/Info.plist";
				LD_RUNPATH_SEARCH_PATHS = "$(inherited) @executable_path/Frameworks @loader_path/Frameworks";
				PRODUCT_BUNDLE_IDENTIFIER = "com.kawaharadai.STVProject2-4-1Tests";
				PRODUCT_NAME = "$(TARGET_NAME)";
				TEST_HOST = "$(BUILT_PRODUCTS_DIR)/STVProject2-4-1.app/STVProject2-4-1";
			};
			name = Release;
		};
		457DE5EC1F5D60E1003067D2 /* Debug */ = {
			isa = XCBuildConfiguration;
			baseConfigurationReference = ED1E4D4AB5D96E24910B43D1 /* Pods-STVProject2-4-1UITests.debug.xcconfig */;
			buildSettings = {
				DEVELOPMENT_TEAM = LVR5UQEHBD;
				INFOPLIST_FILE = "STVProject2-4-1UITests/Info.plist";
				LD_RUNPATH_SEARCH_PATHS = "$(inherited) @executable_path/Frameworks @loader_path/Frameworks";
				PRODUCT_BUNDLE_IDENTIFIER = "com.kawaharadai.STVProject2-4-1UITests";
				PRODUCT_NAME = "$(TARGET_NAME)";
				TEST_TARGET_NAME = "STVProject2-4-1";
			};
			name = Debug;
		};
		457DE5ED1F5D60E1003067D2 /* Release */ = {
			isa = XCBuildConfiguration;
			baseConfigurationReference = BC7D9B8662454834B71825D4 /* Pods-STVProject2-4-1UITests.release.xcconfig */;
			buildSettings = {
				DEVELOPMENT_TEAM = LVR5UQEHBD;
				INFOPLIST_FILE = "STVProject2-4-1UITests/Info.plist";
				LD_RUNPATH_SEARCH_PATHS = "$(inherited) @executable_path/Frameworks @loader_path/Frameworks";
				PRODUCT_BUNDLE_IDENTIFIER = "com.kawaharadai.STVProject2-4-1UITests";
				PRODUCT_NAME = "$(TARGET_NAME)";
				TEST_TARGET_NAME = "STVProject2-4-1";
			};
			name = Release;
		};
/* End XCBuildConfiguration section */

/* Begin XCConfigurationList section */
		457DE5B01F5D60E1003067D2 /* Build configuration list for PBXProject "STVProject2-4-1" */ = {
			isa = XCConfigurationList;
			buildConfigurations = (
				457DE5E31F5D60E1003067D2 /* Debug */,
				457DE5E41F5D60E1003067D2 /* Release */,
			);
			defaultConfigurationIsVisible = 0;
			defaultConfigurationName = Release;
		};
		457DE5E51F5D60E1003067D2 /* Build configuration list for PBXNativeTarget "STVProject2-4-1" */ = {
			isa = XCConfigurationList;
			buildConfigurations = (
				457DE5E61F5D60E1003067D2 /* Debug */,
				457DE5E71F5D60E1003067D2 /* Release */,
			);
			defaultConfigurationIsVisible = 0;
		};
		457DE5E81F5D60E1003067D2 /* Build configuration list for PBXNativeTarget "STVProject2-4-1Tests" */ = {
			isa = XCConfigurationList;
			buildConfigurations = (
				457DE5E91F5D60E1003067D2 /* Debug */,
				457DE5EA1F5D60E1003067D2 /* Release */,
			);
			defaultConfigurationIsVisible = 0;
		};
		457DE5EB1F5D60E1003067D2 /* Build configuration list for PBXNativeTarget "STVProject2-4-1UITests" */ = {
			isa = XCConfigurationList;
			buildConfigurations = (
				457DE5EC1F5D60E1003067D2 /* Debug */,
				457DE5ED1F5D60E1003067D2 /* Release */,
			);
			defaultConfigurationIsVisible = 0;
		};
/* End XCConfigurationList section */

/* Begin XCVersionGroup section */
		457DE5C41F5D60E1003067D2 /* STVProject2_4_1.xcdatamodeld */ = {
			isa = XCVersionGroup;
			children = (
				457DE5C51F5D60E1003067D2 /* STVProject2_4_1.xcdatamodel */,
			);
			currentVersion = 457DE5C51F5D60E1003067D2 /* STVProject2_4_1.xcdatamodel */;
			path = STVProject2_4_1.xcdatamodeld;
			sourceTree = "<group>";
			versionGroupType = wrapper.xcdatamodel;
		};
/* End XCVersionGroup section */
	};
	rootObject = 457DE5AD1F5D60E1003067D2 /* Project object */;
}
