// !$*UTF8*$!
{
	archiveVersion = 1;
	classes = {
	};
	objectVersion = 46;
	objects = {

/* Begin PBXBuildFile section */
		4509C5321F502D2400DA3DBC /* main.m in Sources */ = {isa = PBXBuildFile; fileRef = 4509C5311F502D2400DA3DBC /* main.m */; };
		4509C5351F502D2400DA3DBC /* AppDelegate.m in Sources */ = {isa = PBXBuildFile; fileRef = 4509C5341F502D2400DA3DBC /* AppDelegate.m */; };
		4509C5381F502D2400DA3DBC /* ViewController.m in Sources */ = {isa = PBXBuildFile; fileRef = 4509C5371F502D2400DA3DBC /* ViewController.m */; };
		4509C53B1F502D2400DA3DBC /* Main.storyboard in Resources */ = {isa = PBXBuildFile; fileRef = 4509C5391F502D2400DA3DBC /* Main.storyboard */; };
		4509C53E1F502D2400DA3DBC /* STVProject2_1_11.xcdatamodeld in Sources */ = {isa = PBXBuildFile; fileRef = 4509C53C1F502D2400DA3DBC /* STVProject2_1_11.xcdatamodeld */; };
		4509C5401F502D2400DA3DBC /* Assets.xcassets in Resources */ = {isa = PBXBuildFile; fileRef = 4509C53F1F502D2400DA3DBC /* Assets.xcassets */; };
		4509C5431F502D2400DA3DBC /* LaunchScreen.storyboard in Resources */ = {isa = PBXBuildFile; fileRef = 4509C5411F502D2400DA3DBC /* LaunchScreen.storyboard */; };
		4509C54E1F502D2400DA3DBC /* STVProject2_1_11Tests.m in Sources */ = {isa = PBXBuildFile; fileRef = 4509C54D1F502D2400DA3DBC /* STVProject2_1_11Tests.m */; };
		4509C5591F502D2400DA3DBC /* STVProject2_1_11UITests.m in Sources */ = {isa = PBXBuildFile; fileRef = 4509C5581F502D2400DA3DBC /* STVProject2_1_11UITests.m */; };
		45A4965E1F517E0000AB56CF /* Property List.plist in Resources */ = {isa = PBXBuildFile; fileRef = 45A4965D1F517E0000AB56CF /* Property List.plist */; };
/* End PBXBuildFile section */

/* Begin PBXContainerItemProxy section */
		4509C54A1F502D2400DA3DBC /* PBXContainerItemProxy */ = {
			isa = PBXContainerItemProxy;
			containerPortal = 4509C5251F502D2300DA3DBC /* Project object */;
			proxyType = 1;
			remoteGlobalIDString = 4509C52C1F502D2300DA3DBC;
			remoteInfo = "STVProject2-1-11";
		};
		4509C5551F502D2400DA3DBC /* PBXContainerItemProxy */ = {
			isa = PBXContainerItemProxy;
			containerPortal = 4509C5251F502D2300DA3DBC /* Project object */;
			proxyType = 1;
			remoteGlobalIDString = 4509C52C1F502D2300DA3DBC;
			remoteInfo = "STVProject2-1-11";
		};
/* End PBXContainerItemProxy section */

/* Begin PBXFileReference section */
		4509C52D1F502D2400DA3DBC /* STVProject2-1-11.app */ = {isa = PBXFileReference; explicitFileType = wrapper.application; includeInIndex = 0; path = "STVProject2-1-11.app"; sourceTree = BUILT_PRODUCTS_DIR; };
		4509C5311F502D2400DA3DBC /* main.m */ = {isa = PBXFileReference; lastKnownFileType = sourcecode.c.objc; path = main.m; sourceTree = "<group>"; };
		4509C5331F502D2400DA3DBC /* AppDelegate.h */ = {isa = PBXFileReference; lastKnownFileType = sourcecode.c.h; path = AppDelegate.h; sourceTree = "<group>"; };
		4509C5341F502D2400DA3DBC /* AppDelegate.m */ = {isa = PBXFileReference; lastKnownFileType = sourcecode.c.objc; path = AppDelegate.m; sourceTree = "<group>"; };
		4509C5361F502D2400DA3DBC /* ViewController.h */ = {isa = PBXFileReference; lastKnownFileType = sourcecode.c.h; path = ViewController.h; sourceTree = "<group>"; };
		4509C5371F502D2400DA3DBC /* ViewController.m */ = {isa = PBXFileReference; lastKnownFileType = sourcecode.c.objc; path = ViewController.m; sourceTree = "<group>"; };
		4509C53A1F502D2400DA3DBC /* Base */ = {isa = PBXFileReference; lastKnownFileType = file.storyboard; name = Base; path = Base.lproj/Main.storyboard; sourceTree = "<group>"; };
		4509C53D1F502D2400DA3DBC /* STVProject2_1_11.xcdatamodel */ = {isa = PBXFileReference; lastKnownFileType = wrapper.xcdatamodel; path = STVProject2_1_11.xcdatamodel; sourceTree = "<group>"; };
		4509C53F1F502D2400DA3DBC /* Assets.xcassets */ = {isa = PBXFileReference; lastKnownFileType = folder.assetcatalog; path = Assets.xcassets; sourceTree = "<group>"; };
		4509C5421F502D2400DA3DBC /* Base */ = {isa = PBXFileReference; lastKnownFileType = file.storyboard; name = Base; path = Base.lproj/LaunchScreen.storyboard; sourceTree = "<group>"; };
		4509C5441F502D2400DA3DBC /* Info.plist */ = {isa = PBXFileReference; lastKnownFileType = text.plist.xml; path = Info.plist; sourceTree = "<group>"; };
		4509C5491F502D2400DA3DBC /* STVProject2-1-11Tests.xctest */ = {isa = PBXFileReference; explicitFileType = wrapper.cfbundle; includeInIndex = 0; path = "STVProject2-1-11Tests.xctest"; sourceTree = BUILT_PRODUCTS_DIR; };
		4509C54D1F502D2400DA3DBC /* STVProject2_1_11Tests.m */ = {isa = PBXFileReference; lastKnownFileType = sourcecode.c.objc; path = STVProject2_1_11Tests.m; sourceTree = "<group>"; };
		4509C54F1F502D2400DA3DBC /* Info.plist */ = {isa = PBXFileReference; lastKnownFileType = text.plist.xml; path = Info.plist; sourceTree = "<group>"; };
		4509C5541F502D2400DA3DBC /* STVProject2-1-11UITests.xctest */ = {isa = PBXFileReference; explicitFileType = wrapper.cfbundle; includeInIndex = 0; path = "STVProject2-1-11UITests.xctest"; sourceTree = BUILT_PRODUCTS_DIR; };
		4509C5581F502D2400DA3DBC /* STVProject2_1_11UITests.m */ = {isa = PBXFileReference; lastKnownFileType = sourcecode.c.objc; path = STVProject2_1_11UITests.m; sourceTree = "<group>"; };
		4509C55A1F502D2400DA3DBC /* Info.plist */ = {isa = PBXFileReference; lastKnownFileType = text.plist.xml; path = Info.plist; sourceTree = "<group>"; };
		45A4965D1F517E0000AB56CF /* Property List.plist */ = {isa = PBXFileReference; fileEncoding = 4; lastKnownFileType = text.plist.xml; path = "Property List.plist"; sourceTree = "<group>"; };
/* End PBXFileReference section */

/* Begin PBXFrameworksBuildPhase section */
		4509C52A1F502D2300DA3DBC /* Frameworks */ = {
			isa = PBXFrameworksBuildPhase;
			buildActionMask = 2147483647;
			files = (
			);
			runOnlyForDeploymentPostprocessing = 0;
		};
		4509C5461F502D2400DA3DBC /* Frameworks */ = {
			isa = PBXFrameworksBuildPhase;
			buildActionMask = 2147483647;
			files = (
			);
			runOnlyForDeploymentPostprocessing = 0;
		};
		4509C5511F502D2400DA3DBC /* Frameworks */ = {
			isa = PBXFrameworksBuildPhase;
			buildActionMask = 2147483647;
			files = (
			);
			runOnlyForDeploymentPostprocessing = 0;
		};
/* End PBXFrameworksBuildPhase section */

/* Begin PBXGroup section */
		4509C5241F502D2300DA3DBC = {
			isa = PBXGroup;
			children = (
				4509C52F1F502D2400DA3DBC /* STVProject2-1-11 */,
				4509C54C1F502D2400DA3DBC /* STVProject2-1-11Tests */,
				4509C5571F502D2400DA3DBC /* STVProject2-1-11UITests */,
				4509C52E1F502D2400DA3DBC /* Products */,
			);
			sourceTree = "<group>";
		};
		4509C52E1F502D2400DA3DBC /* Products */ = {
			isa = PBXGroup;
			children = (
				4509C52D1F502D2400DA3DBC /* STVProject2-1-11.app */,
				4509C5491F502D2400DA3DBC /* STVProject2-1-11Tests.xctest */,
				4509C5541F502D2400DA3DBC /* STVProject2-1-11UITests.xctest */,
			);
			name = Products;
			sourceTree = "<group>";
		};
		4509C52F1F502D2400DA3DBC /* STVProject2-1-11 */ = {
			isa = PBXGroup;
			children = (
				4509C5331F502D2400DA3DBC /* AppDelegate.h */,
				4509C5341F502D2400DA3DBC /* AppDelegate.m */,
				4509C5361F502D2400DA3DBC /* ViewController.h */,
				4509C5371F502D2400DA3DBC /* ViewController.m */,
				4509C5391F502D2400DA3DBC /* Main.storyboard */,
				4509C53F1F502D2400DA3DBC /* Assets.xcassets */,
				4509C5411F502D2400DA3DBC /* LaunchScreen.storyboard */,
				4509C5441F502D2400DA3DBC /* Info.plist */,
				4509C53C1F502D2400DA3DBC /* STVProject2_1_11.xcdatamodeld */,
				45A4965D1F517E0000AB56CF /* Property List.plist */,
				4509C5301F502D2400DA3DBC /* Supporting Files */,
			);
			path = "STVProject2-1-11";
			sourceTree = "<group>";
		};
		4509C5301F502D2400DA3DBC /* Supporting Files */ = {
			isa = PBXGroup;
			children = (
				4509C5311F502D2400DA3DBC /* main.m */,
			);
			name = "Supporting Files";
			sourceTree = "<group>";
		};
		4509C54C1F502D2400DA3DBC /* STVProject2-1-11Tests */ = {
			isa = PBXGroup;
			children = (
				4509C54D1F502D2400DA3DBC /* STVProject2_1_11Tests.m */,
				4509C54F1F502D2400DA3DBC /* Info.plist */,
			);
			path = "STVProject2-1-11Tests";
			sourceTree = "<group>";
		};
		4509C5571F502D2400DA3DBC /* STVProject2-1-11UITests */ = {
			isa = PBXGroup;
			children = (
				4509C5581F502D2400DA3DBC /* STVProject2_1_11UITests.m */,
				4509C55A1F502D2400DA3DBC /* Info.plist */,
			);
			path = "STVProject2-1-11UITests";
			sourceTree = "<group>";
		};
/* End PBXGroup section */

/* Begin PBXNativeTarget section */
		4509C52C1F502D2300DA3DBC /* STVProject2-1-11 */ = {
			isa = PBXNativeTarget;
			buildConfigurationList = 4509C55D1F502D2400DA3DBC /* Build configuration list for PBXNativeTarget "STVProject2-1-11" */;
			buildPhases = (
				4509C5291F502D2300DA3DBC /* Sources */,
				4509C52A1F502D2300DA3DBC /* Frameworks */,
				4509C52B1F502D2300DA3DBC /* Resources */,
			);
			buildRules = (
			);
			dependencies = (
			);
			name = "STVProject2-1-11";
			productName = "STVProject2-1-11";
			productReference = 4509C52D1F502D2400DA3DBC /* STVProject2-1-11.app */;
			productType = "com.apple.product-type.application";
		};
		4509C5481F502D2400DA3DBC /* STVProject2-1-11Tests */ = {
			isa = PBXNativeTarget;
			buildConfigurationList = 4509C5601F502D2400DA3DBC /* Build configuration list for PBXNativeTarget "STVProject2-1-11Tests" */;
			buildPhases = (
				4509C5451F502D2400DA3DBC /* Sources */,
				4509C5461F502D2400DA3DBC /* Frameworks */,
				4509C5471F502D2400DA3DBC /* Resources */,
			);
			buildRules = (
			);
			dependencies = (
				4509C54B1F502D2400DA3DBC /* PBXTargetDependency */,
			);
			name = "STVProject2-1-11Tests";
			productName = "STVProject2-1-11Tests";
			productReference = 4509C5491F502D2400DA3DBC /* STVProject2-1-11Tests.xctest */;
			productType = "com.apple.product-type.bundle.unit-test";
		};
		4509C5531F502D2400DA3DBC /* STVProject2-1-11UITests */ = {
			isa = PBXNativeTarget;
			buildConfigurationList = 4509C5631F502D2400DA3DBC /* Build configuration list for PBXNativeTarget "STVProject2-1-11UITests" */;
			buildPhases = (
				4509C5501F502D2400DA3DBC /* Sources */,
				4509C5511F502D2400DA3DBC /* Frameworks */,
				4509C5521F502D2400DA3DBC /* Resources */,
			);
			buildRules = (
			);
			dependencies = (
				4509C5561F502D2400DA3DBC /* PBXTargetDependency */,
			);
			name = "STVProject2-1-11UITests";
			productName = "STVProject2-1-11UITests";
			productReference = 4509C5541F502D2400DA3DBC /* STVProject2-1-11UITests.xctest */;
			productType = "com.apple.product-type.bundle.ui-testing";
		};
/* End PBXNativeTarget section */

/* Begin PBXProject section */
		4509C5251F502D2300DA3DBC /* Project object */ = {
			isa = PBXProject;
			attributes = {
				LastUpgradeCheck = 0830;
				ORGANIZATIONNAME = "dai kawahara";
				TargetAttributes = {
					4509C52C1F502D2300DA3DBC = {
						CreatedOnToolsVersion = 8.3.3;
						DevelopmentTeam = LVR5UQEHBD;
						ProvisioningStyle = Automatic;
					};
					4509C5481F502D2400DA3DBC = {
						CreatedOnToolsVersion = 8.3.3;
						DevelopmentTeam = LVR5UQEHBD;
						ProvisioningStyle = Automatic;
						TestTargetID = 4509C52C1F502D2300DA3DBC;
					};
					4509C5531F502D2400DA3DBC = {
						CreatedOnToolsVersion = 8.3.3;
						DevelopmentTeam = LVR5UQEHBD;
						ProvisioningStyle = Automatic;
						TestTargetID = 4509C52C1F502D2300DA3DBC;
					};
				};
			};
			buildConfigurationList = 4509C5281F502D2300DA3DBC /* Build configuration list for PBXProject "STVProject2-1-11" */;
			compatibilityVersion = "Xcode 3.2";
			developmentRegion = English;
			hasScannedForEncodings = 0;
			knownRegions = (
				en,
				Base,
			);
			mainGroup = 4509C5241F502D2300DA3DBC;
			productRefGroup = 4509C52E1F502D2400DA3DBC /* Products */;
			projectDirPath = "";
			projectRoot = "";
			targets = (
				4509C52C1F502D2300DA3DBC /* STVProject2-1-11 */,
				4509C5481F502D2400DA3DBC /* STVProject2-1-11Tests */,
				4509C5531F502D2400DA3DBC /* STVProject2-1-11UITests */,
			);
		};
/* End PBXProject section */

/* Begin PBXResourcesBuildPhase section */
		4509C52B1F502D2300DA3DBC /* Resources */ = {
			isa = PBXResourcesBuildPhase;
			buildActionMask = 2147483647;
			files = (
				4509C5431F502D2400DA3DBC /* LaunchScreen.storyboard in Resources */,
				4509C5401F502D2400DA3DBC /* Assets.xcassets in Resources */,
				45A4965E1F517E0000AB56CF /* Property List.plist in Resources */,
				4509C53B1F502D2400DA3DBC /* Main.storyboard in Resources */,
			);
			runOnlyForDeploymentPostprocessing = 0;
		};
		4509C5471F502D2400DA3DBC /* Resources */ = {
			isa = PBXResourcesBuildPhase;
			buildActionMask = 2147483647;
			files = (
			);
			runOnlyForDeploymentPostprocessing = 0;
		};
		4509C5521F502D2400DA3DBC /* Resources */ = {
			isa = PBXResourcesBuildPhase;
			buildActionMask = 2147483647;
			files = (
			);
			runOnlyForDeploymentPostprocessing = 0;
		};
/* End PBXResourcesBuildPhase section */

/* Begin PBXSourcesBuildPhase section */
		4509C5291F502D2300DA3DBC /* Sources */ = {
			isa = PBXSourcesBuildPhase;
			buildActionMask = 2147483647;
			files = (
				4509C53E1F502D2400DA3DBC /* STVProject2_1_11.xcdatamodeld in Sources */,
				4509C5381F502D2400DA3DBC /* ViewController.m in Sources */,
				4509C5351F502D2400DA3DBC /* AppDelegate.m in Sources */,
				4509C5321F502D2400DA3DBC /* main.m in Sources */,
			);
			runOnlyForDeploymentPostprocessing = 0;
		};
		4509C5451F502D2400DA3DBC /* Sources */ = {
			isa = PBXSourcesBuildPhase;
			buildActionMask = 2147483647;
			files = (
				4509C54E1F502D2400DA3DBC /* STVProject2_1_11Tests.m in Sources */,
			);
			runOnlyForDeploymentPostprocessing = 0;
		};
		4509C5501F502D2400DA3DBC /* Sources */ = {
			isa = PBXSourcesBuildPhase;
			buildActionMask = 2147483647;
			files = (
				4509C5591F502D2400DA3DBC /* STVProject2_1_11UITests.m in Sources */,
			);
			runOnlyForDeploymentPostprocessing = 0;
		};
/* End PBXSourcesBuildPhase section */

/* Begin PBXTargetDependency section */
		4509C54B1F502D2400DA3DBC /* PBXTargetDependency */ = {
			isa = PBXTargetDependency;
			target = 4509C52C1F502D2300DA3DBC /* STVProject2-1-11 */;
			targetProxy = 4509C54A1F502D2400DA3DBC /* PBXContainerItemProxy */;
		};
		4509C5561F502D2400DA3DBC /* PBXTargetDependency */ = {
			isa = PBXTargetDependency;
			target = 4509C52C1F502D2300DA3DBC /* STVProject2-1-11 */;
			targetProxy = 4509C5551F502D2400DA3DBC /* PBXContainerItemProxy */;
		};
/* End PBXTargetDependency section */

/* Begin PBXVariantGroup section */
		4509C5391F502D2400DA3DBC /* Main.storyboard */ = {
			isa = PBXVariantGroup;
			children = (
				4509C53A1F502D2400DA3DBC /* Base */,
			);
			name = Main.storyboard;
			sourceTree = "<group>";
		};
		4509C5411F502D2400DA3DBC /* LaunchScreen.storyboard */ = {
			isa = PBXVariantGroup;
			children = (
				4509C5421F502D2400DA3DBC /* Base */,
			);
			name = LaunchScreen.storyboard;
			sourceTree = "<group>";
		};
/* End PBXVariantGroup section */

/* Begin XCBuildConfiguration section */
		4509C55B1F502D2400DA3DBC /* Debug */ = {
			isa = XCBuildConfiguration;
			buildSettings = {
				ALWAYS_SEARCH_USER_PATHS = NO;
				CLANG_ANALYZER_NONNULL = YES;
				CLANG_ANALYZER_NUMBER_OBJECT_CONVERSION = YES_AGGRESSIVE;
				CLANG_CXX_LANGUAGE_STANDARD = "gnu++0x";
				CLANG_CXX_LIBRARY = "libc++";
				CLANG_ENABLE_MODULES = YES;
				CLANG_ENABLE_OBJC_ARC = YES;
				CLANG_WARN_BOOL_CONVERSION = YES;
				CLANG_WARN_CONSTANT_CONVERSION = YES;
				CLANG_WARN_DIRECT_OBJC_ISA_USAGE = YES_ERROR;
				CLANG_WARN_DOCUMENTATION_COMMENTS = YES;
				CLANG_WARN_EMPTY_BODY = YES;
				CLANG_WARN_ENUM_CONVERSION = YES;
				CLANG_WARN_INFINITE_RECURSION = YES;
				CLANG_WARN_INT_CONVERSION = YES;
				CLANG_WARN_OBJC_ROOT_CLASS = YES_ERROR;
				CLANG_WARN_SUSPICIOUS_MOVE = YES;
				CLANG_WARN_UNREACHABLE_CODE = YES;
				CLANG_WARN__DUPLICATE_METHOD_MATCH = YES;
				"CODE_SIGN_IDENTITY[sdk=iphoneos*]" = "iPhone Developer";
				COPY_PHASE_STRIP = NO;
				DEBUG_INFORMATION_FORMAT = dwarf;
				ENABLE_STRICT_OBJC_MSGSEND = YES;
				ENABLE_TESTABILITY = YES;
				GCC_C_LANGUAGE_STANDARD = gnu99;
				GCC_DYNAMIC_NO_PIC = NO;
				GCC_NO_COMMON_BLOCKS = YES;
				GCC_OPTIMIZATION_LEVEL = 0;
				GCC_PREPROCESSOR_DEFINITIONS = (
					"DEBUG=1",
					"$(inherited)",
				);
				GCC_WARN_64_TO_32_BIT_CONVERSION = YES;
				GCC_WARN_ABOUT_RETURN_TYPE = YES_ERROR;
				GCC_WARN_UNDECLARED_SELECTOR = YES;
				GCC_WARN_UNINITIALIZED_AUTOS = YES_AGGRESSIVE;
				GCC_WARN_UNUSED_FUNCTION = YES;
				GCC_WARN_UNUSED_VARIABLE = YES;
				IPHONEOS_DEPLOYMENT_TARGET = 10.3;
				MTL_ENABLE_DEBUG_INFO = YES;
				ONLY_ACTIVE_ARCH = YES;
				SDKROOT = iphoneos;
			};
			name = Debug;
		};
		4509C55C1F502D2400DA3DBC /* Release */ = {
			isa = XCBuildConfiguration;
			buildSettings = {
				ALWAYS_SEARCH_USER_PATHS = NO;
				CLANG_ANALYZER_NONNULL = YES;
				CLANG_ANALYZER_NUMBER_OBJECT_CONVERSION = YES_AGGRESSIVE;
				CLANG_CXX_LANGUAGE_STANDARD = "gnu++0x";
				CLANG_CXX_LIBRARY = "libc++";
				CLANG_ENABLE_MODULES = YES;
				CLANG_ENABLE_OBJC_ARC = YES;
				CLANG_WARN_BOOL_CONVERSION = YES;
				CLANG_WARN_CONSTANT_CONVERSION = YES;
				CLANG_WARN_DIRECT_OBJC_ISA_USAGE = YES_ERROR;
				CLANG_WARN_DOCUMENTATION_COMMENTS = YES;
				CLANG_WARN_EMPTY_BODY = YES;
				CLANG_WARN_ENUM_CONVERSION = YES;
				CLANG_WARN_INFINITE_RECURSION = YES;
				CLANG_WARN_INT_CONVERSION = YES;
				CLANG_WARN_OBJC_ROOT_CLASS = YES_ERROR;
				CLANG_WARN_SUSPICIOUS_MOVE = YES;
				CLANG_WARN_UNREACHABLE_CODE = YES;
				CLANG_WARN__DUPLICATE_METHOD_MATCH = YES;
				"CODE_SIGN_IDENTITY[sdk=iphoneos*]" = "iPhone Developer";
				COPY_PHASE_STRIP = NO;
				DEBUG_INFORMATION_FORMAT = "dwarf-with-dsym";
				ENABLE_NS_ASSERTIONS = NO;
				ENABLE_STRICT_OBJC_MSGSEND = YES;
				GCC_C_LANGUAGE_STANDARD = gnu99;
				GCC_NO_COMMON_BLOCKS = YES;
				GCC_WARN_64_TO_32_BIT_CONVERSION = YES;
				GCC_WARN_ABOUT_RETURN_TYPE = YES_ERROR;
				GCC_WARN_UNDECLARED_SELECTOR = YES;
				GCC_WARN_UNINITIALIZED_AUTOS = YES_AGGRESSIVE;
				GCC_WARN_UNUSED_FUNCTION = YES;
				GCC_WARN_UNUSED_VARIABLE = YES;
				IPHONEOS_DEPLOYMENT_TARGET = 10.3;
				MTL_ENABLE_DEBUG_INFO = NO;
				SDKROOT = iphoneos;
				VALIDATE_PRODUCT = YES;
			};
			name = Release;
		};
		4509C55E1F502D2400DA3DBC /* Debug */ = {
			isa = XCBuildConfiguration;
			buildSettings = {
				ASSETCATALOG_COMPILER_APPICON_NAME = AppIcon;
				DEVELOPMENT_TEAM = LVR5UQEHBD;
				INFOPLIST_FILE = "STVProject2-1-11/Info.plist";
				LD_RUNPATH_SEARCH_PATHS = "$(inherited) @executable_path/Frameworks";
				PRODUCT_BUNDLE_IDENTIFIER = "com.kawaharadai.STVProject2-1-11";
				PRODUCT_NAME = "$(TARGET_NAME)";
			};
			name = Debug;
		};
		4509C55F1F502D2400DA3DBC /* Release */ = {
			isa = XCBuildConfiguration;
			buildSettings = {
				ASSETCATALOG_COMPILER_APPICON_NAME = AppIcon;
				DEVELOPMENT_TEAM = LVR5UQEHBD;
				INFOPLIST_FILE = "STVProject2-1-11/Info.plist";
				LD_RUNPATH_SEARCH_PATHS = "$(inherited) @executable_path/Frameworks";
				PRODUCT_BUNDLE_IDENTIFIER = "com.kawaharadai.STVProject2-1-11";
				PRODUCT_NAME = "$(TARGET_NAME)";
			};
			name = Release;
		};
		4509C5611F502D2400DA3DBC /* Debug */ = {
			isa = XCBuildConfiguration;
			buildSettings = {
				BUNDLE_LOADER = "$(TEST_HOST)";
				DEVELOPMENT_TEAM = LVR5UQEHBD;
				INFOPLIST_FILE = "STVProject2-1-11Tests/Info.plist";
				LD_RUNPATH_SEARCH_PATHS = "$(inherited) @executable_path/Frameworks @loader_path/Frameworks";
				PRODUCT_BUNDLE_IDENTIFIER = "com.kawaharadai.STVProject2-1-11Tests";
				PRODUCT_NAME = "$(TARGET_NAME)";
				TEST_HOST = "$(BUILT_PRODUCTS_DIR)/STVProject2-1-11.app/STVProject2-1-11";
			};
			name = Debug;
		};
		4509C5621F502D2400DA3DBC /* Release */ = {
			isa = XCBuildConfiguration;
			buildSettings = {
				BUNDLE_LOADER = "$(TEST_HOST)";
				DEVELOPMENT_TEAM = LVR5UQEHBD;
				INFOPLIST_FILE = "STVProject2-1-11Tests/Info.plist";
				LD_RUNPATH_SEARCH_PATHS = "$(inherited) @executable_path/Frameworks @loader_path/Frameworks";
				PRODUCT_BUNDLE_IDENTIFIER = "com.kawaharadai.STVProject2-1-11Tests";
				PRODUCT_NAME = "$(TARGET_NAME)";
				TEST_HOST = "$(BUILT_PRODUCTS_DIR)/STVProject2-1-11.app/STVProject2-1-11";
			};
			name = Release;
		};
		4509C5641F502D2400DA3DBC /* Debug */ = {
			isa = XCBuildConfiguration;
			buildSettings = {
				DEVELOPMENT_TEAM = LVR5UQEHBD;
				INFOPLIST_FILE = "STVProject2-1-11UITests/Info.plist";
				LD_RUNPATH_SEARCH_PATHS = "$(inherited) @executable_path/Frameworks @loader_path/Frameworks";
				PRODUCT_BUNDLE_IDENTIFIER = "com.kawaharadai.STVProject2-1-11UITests";
				PRODUCT_NAME = "$(TARGET_NAME)";
				TEST_TARGET_NAME = "STVProject2-1-11";
			};
			name = Debug;
		};
		4509C5651F502D2400DA3DBC /* Release */ = {
			isa = XCBuildConfiguration;
			buildSettings = {
				DEVELOPMENT_TEAM = LVR5UQEHBD;
				INFOPLIST_FILE = "STVProject2-1-11UITests/Info.plist";
				LD_RUNPATH_SEARCH_PATHS = "$(inherited) @executable_path/Frameworks @loader_path/Frameworks";
				PRODUCT_BUNDLE_IDENTIFIER = "com.kawaharadai.STVProject2-1-11UITests";
				PRODUCT_NAME = "$(TARGET_NAME)";
				TEST_TARGET_NAME = "STVProject2-1-11";
			};
			name = Release;
		};
/* End XCBuildConfiguration section */

/* Begin XCConfigurationList section */
		4509C5281F502D2300DA3DBC /* Build configuration list for PBXProject "STVProject2-1-11" */ = {
			isa = XCConfigurationList;
			buildConfigurations = (
				4509C55B1F502D2400DA3DBC /* Debug */,
				4509C55C1F502D2400DA3DBC /* Release */,
			);
			defaultConfigurationIsVisible = 0;
			defaultConfigurationName = Release;
		};
		4509C55D1F502D2400DA3DBC /* Build configuration list for PBXNativeTarget "STVProject2-1-11" */ = {
			isa = XCConfigurationList;
			buildConfigurations = (
				4509C55E1F502D2400DA3DBC /* Debug */,
				4509C55F1F502D2400DA3DBC /* Release */,
			);
			defaultConfigurationIsVisible = 0;
			defaultConfigurationName = Release;
		};
		4509C5601F502D2400DA3DBC /* Build configuration list for PBXNativeTarget "STVProject2-1-11Tests" */ = {
			isa = XCConfigurationList;
			buildConfigurations = (
				4509C5611F502D2400DA3DBC /* Debug */,
				4509C5621F502D2400DA3DBC /* Release */,
			);
			defaultConfigurationIsVisible = 0;
			defaultConfigurationName = Release;
		};
		4509C5631F502D2400DA3DBC /* Build configuration list for PBXNativeTarget "STVProject2-1-11UITests" */ = {
			isa = XCConfigurationList;
			buildConfigurations = (
				4509C5641F502D2400DA3DBC /* Debug */,
				4509C5651F502D2400DA3DBC /* Release */,
			);
			defaultConfigurationIsVisible = 0;
			defaultConfigurationName = Release;
		};
/* End XCConfigurationList section */

/* Begin XCVersionGroup section */
		4509C53C1F502D2400DA3DBC /* STVProject2_1_11.xcdatamodeld */ = {
			isa = XCVersionGroup;
			children = (
				4509C53D1F502D2400DA3DBC /* STVProject2_1_11.xcdatamodel */,
			);
			currentVersion = 4509C53D1F502D2400DA3DBC /* STVProject2_1_11.xcdatamodel */;
			path = STVProject2_1_11.xcdatamodeld;
			sourceTree = "<group>";
			versionGroupType = wrapper.xcdatamodel;
		};
/* End XCVersionGroup section */
	};
	rootObject = 4509C5251F502D2300DA3DBC /* Project object */;
}
